// !$*UTF8*$!
{
	archiveVersion = 1;
	classes = {
	};
	objectVersion = 56;
	objects = {

/* Begin PBXBuildFile section */
		846A67842A90FBF700438ADF /* tic_tac_toeApp.swift in Sources */ = {isa = PBXBuildFile; fileRef = 846A67832A90FBF700438ADF /* tic_tac_toeApp.swift */; };
		846A67862A90FBF700438ADF /* ContentView.swift in Sources */ = {isa = PBXBuildFile; fileRef = 846A67852A90FBF700438ADF /* ContentView.swift */; };
		846A67882A90FBF800438ADF /* Assets.xcassets in Resources */ = {isa = PBXBuildFile; fileRef = 846A67872A90FBF800438ADF /* Assets.xcassets */; };
		846A678B2A90FBF800438ADF /* Preview Assets.xcassets in Resources */ = {isa = PBXBuildFile; fileRef = 846A678A2A90FBF800438ADF /* Preview Assets.xcassets */; };
		846A67932A90FEAC00438ADF /* GameModel.swift in Sources */ = {isa = PBXBuildFile; fileRef = 846A67922A90FEAC00438ADF /* GameModel.swift */; };
		846A67952A925DFB00438ADF /* GameView.swift in Sources */ = {isa = PBXBuildFile; fileRef = 846A67942A925DFA00438ADF /* GameView.swift */; };
		846A67972A9261C900438ADF /* ViewModifier.swift in Sources */ = {isa = PBXBuildFile; fileRef = 846A67962A9261C900438ADF /* ViewModifier.swift */; };
		84F1DA762A92789D0002BD51 /* GameServices.swift in Sources */ = {isa = PBXBuildFile; fileRef = 84F1DA752A92789D0002BD51 /* GameServices.swift */; };
		84F1DA782A936C4F0002BD51 /* GameSquare.swift in Sources */ = {isa = PBXBuildFile; fileRef = 84F1DA772A936C4F0002BD51 /* GameSquare.swift */; };
		84F1DA7A2A936E6A0002BD51 /* SquareView.swift in Sources */ = {isa = PBXBuildFile; fileRef = 84F1DA792A936E6A0002BD51 /* SquareView.swift */; };
		84F2D66A2A97C0D7004998C0 /* SplashView.swift in Sources */ = {isa = PBXBuildFile; fileRef = 84F2D6692A97C0D7004998C0 /* SplashView.swift */; };
/* End PBXBuildFile section */

/* Begin PBXFileReference section */
		846A67802A90FBF700438ADF /* tic-tac-toe.app */ = {isa = PBXFileReference; explicitFileType = wrapper.application; includeInIndex = 0; path = "tic-tac-toe.app"; sourceTree = BUILT_PRODUCTS_DIR; };
		846A67832A90FBF700438ADF /* tic_tac_toeApp.swift */ = {isa = PBXFileReference; lastKnownFileType = sourcecode.swift; path = tic_tac_toeApp.swift; sourceTree = "<group>"; };
		846A67852A90FBF700438ADF /* ContentView.swift */ = {isa = PBXFileReference; lastKnownFileType = sourcecode.swift; path = ContentView.swift; sourceTree = "<group>"; };
		846A67872A90FBF800438ADF /* Assets.xcassets */ = {isa = PBXFileReference; lastKnownFileType = folder.assetcatalog; path = Assets.xcassets; sourceTree = "<group>"; };
		846A678A2A90FBF800438ADF /* Preview Assets.xcassets */ = {isa = PBXFileReference; lastKnownFileType = folder.assetcatalog; path = "Preview Assets.xcassets"; sourceTree = "<group>"; };
		846A67922A90FEAC00438ADF /* GameModel.swift */ = {isa = PBXFileReference; lastKnownFileType = sourcecode.swift; path = GameModel.swift; sourceTree = "<group>"; };
		846A67942A925DFA00438ADF /* GameView.swift */ = {isa = PBXFileReference; lastKnownFileType = sourcecode.swift; path = GameView.swift; sourceTree = "<group>"; };
		846A67962A9261C900438ADF /* ViewModifier.swift */ = {isa = PBXFileReference; lastKnownFileType = sourcecode.swift; path = ViewModifier.swift; sourceTree = "<group>"; };
		84F1DA752A92789D0002BD51 /* GameServices.swift */ = {isa = PBXFileReference; lastKnownFileType = sourcecode.swift; path = GameServices.swift; sourceTree = "<group>"; };
		84F1DA772A936C4F0002BD51 /* GameSquare.swift */ = {isa = PBXFileReference; lastKnownFileType = sourcecode.swift; path = GameSquare.swift; sourceTree = "<group>"; };
		84F1DA792A936E6A0002BD51 /* SquareView.swift */ = {isa = PBXFileReference; lastKnownFileType = sourcecode.swift; path = SquareView.swift; sourceTree = "<group>"; };
		84F2D6692A97C0D7004998C0 /* SplashView.swift */ = {isa = PBXFileReference; lastKnownFileType = sourcecode.swift; path = SplashView.swift; sourceTree = "<group>"; };
/* End PBXFileReference section */

/* Begin PBXFrameworksBuildPhase section */
		846A677D2A90FBF700438ADF /* Frameworks */ = {
			isa = PBXFrameworksBuildPhase;
			buildActionMask = 2147483647;
			files = (
			);
			runOnlyForDeploymentPostprocessing = 0;
		};
/* End PBXFrameworksBuildPhase section */

/* Begin PBXGroup section */
		846A67772A90FBF700438ADF = {
			isa = PBXGroup;
			children = (
				846A67822A90FBF700438ADF /* tic-tac-toe */,
				846A67812A90FBF700438ADF /* Products */,
			);
			sourceTree = "<group>";
		};
		846A67812A90FBF700438ADF /* Products */ = {
			isa = PBXGroup;
			children = (
				846A67802A90FBF700438ADF /* tic-tac-toe.app */,
			);
			name = Products;
			sourceTree = "<group>";
		};
		846A67822A90FBF700438ADF /* tic-tac-toe */ = {
			isa = PBXGroup;
			children = (
				846A67872A90FBF800438ADF /* Assets.xcassets */,
				846A67832A90FBF700438ADF /* tic_tac_toeApp.swift */,
				84F2D6662A97C003004998C0 /* Services */,
				846A67912A90FE9F00438ADF /* Model */,
				84F2D6652A97BE25004998C0 /* Views */,
				846A67892A90FBF800438ADF /* Preview Content */,
			);
			path = "tic-tac-toe";
			sourceTree = "<group>";
		};
		846A67892A90FBF800438ADF /* Preview Content */ = {
			isa = PBXGroup;
			children = (
				846A678A2A90FBF800438ADF /* Preview Assets.xcassets */,
			);
			path = "Preview Content";
			sourceTree = "<group>";
		};
		846A67912A90FE9F00438ADF /* Model */ = {
			isa = PBXGroup;
			children = (
				84F1DA772A936C4F0002BD51 /* GameSquare.swift */,
				846A67922A90FEAC00438ADF /* GameModel.swift */,
			);
			path = Model;
			sourceTree = "<group>";
		};
		84F2D6652A97BE25004998C0 /* Views */ = {
			isa = PBXGroup;
			children = (
				846A67852A90FBF700438ADF /* ContentView.swift */,
				846A67942A925DFA00438ADF /* GameView.swift */,
				84F1DA792A936E6A0002BD51 /* SquareView.swift */,
				84F2D6692A97C0D7004998C0 /* SplashView.swift */,
			);
			path = Views;
			sourceTree = "<group>";
		};
		84F2D6662A97C003004998C0 /* Services */ = {
			isa = PBXGroup;
			children = (
				84F1DA752A92789D0002BD51 /* GameServices.swift */,
				846A67962A9261C900438ADF /* ViewModifier.swift */,
			);
			path = Services;
			sourceTree = "<group>";
		};
/* End PBXGroup section */

/* Begin PBXNativeTarget section */
		846A677F2A90FBF700438ADF /* tic-tac-toe */ = {
			isa = PBXNativeTarget;
			buildConfigurationList = 846A678E2A90FBF800438ADF /* Build configuration list for PBXNativeTarget "tic-tac-toe" */;
			buildPhases = (
				846A677C2A90FBF700438ADF /* Sources */,
				846A677D2A90FBF700438ADF /* Frameworks */,
				846A677E2A90FBF700438ADF /* Resources */,
			);
			buildRules = (
			);
			dependencies = (
			);
			name = "tic-tac-toe";
			productName = "tic-tac-toe";
			productReference = 846A67802A90FBF700438ADF /* tic-tac-toe.app */;
			productType = "com.apple.product-type.application";
		};
/* End PBXNativeTarget section */

/* Begin PBXProject section */
		846A67782A90FBF700438ADF /* Project object */ = {
			isa = PBXProject;
			attributes = {
				BuildIndependentTargetsInParallel = 1;
				LastSwiftUpdateCheck = 1430;
				LastUpgradeCheck = 1430;
				TargetAttributes = {
					846A677F2A90FBF700438ADF = {
						CreatedOnToolsVersion = 14.3.1;
					};
				};
			};
			buildConfigurationList = 846A677B2A90FBF700438ADF /* Build configuration list for PBXProject "tic-tac-toe" */;
			compatibilityVersion = "Xcode 14.0";
			developmentRegion = en;
			hasScannedForEncodings = 0;
			knownRegions = (
				en,
				Base,
			);
			mainGroup = 846A67772A90FBF700438ADF;
			productRefGroup = 846A67812A90FBF700438ADF /* Products */;
			projectDirPath = "";
			projectRoot = "";
			targets = (
				846A677F2A90FBF700438ADF /* tic-tac-toe */,
			);
		};
/* End PBXProject section */

/* Begin PBXResourcesBuildPhase section */
		846A677E2A90FBF700438ADF /* Resources */ = {
			isa = PBXResourcesBuildPhase;
			buildActionMask = 2147483647;
			files = (
				846A678B2A90FBF800438ADF /* Preview Assets.xcassets in Resources */,
				846A67882A90FBF800438ADF /* Assets.xcassets in Resources */,
			);
			runOnlyForDeploymentPostprocessing = 0;
		};
/* End PBXResourcesBuildPhase section */

/* Begin PBXSourcesBuildPhase section */
		846A677C2A90FBF700438ADF /* Sources */ = {
			isa = PBXSourcesBuildPhase;
			buildActionMask = 2147483647;
			files = (
				846A67862A90FBF700438ADF /* ContentView.swift in Sources */,
				84F1DA762A92789D0002BD51 /* GameServices.swift in Sources */,
				846A67842A90FBF700438ADF /* tic_tac_toeApp.swift in Sources */,
				846A67952A925DFB00438ADF /* GameView.swift in Sources */,
				846A67972A9261C900438ADF /* ViewModifier.swift in Sources */,
				846A67932A90FEAC00438ADF /* GameModel.swift in Sources */,
				84F1DA782A936C4F0002BD51 /* GameSquare.swift in Sources */,
				84F1DA7A2A936E6A0002BD51 /* SquareView.swift in Sources */,
				84F2D66A2A97C0D7004998C0 /* SplashView.swift in Sources */,
			);
			runOnlyForDeploymentPostprocessing = 0;
		};
/* End PBXSourcesBuildPhase section */

/* Begin XCBuildConfiguration section */
		846A678C2A90FBF800438ADF /* Debug */ = {
			isa = XCBuildConfiguration;
			buildSettings = {
				ALWAYS_SEARCH_USER_PATHS = NO;
				CLANG_ANALYZER_NONNULL = YES;
				CLANG_ANALYZER_NUMBER_OBJECT_CONVERSION = YES_AGGRESSIVE;
				CLANG_CXX_LANGUAGE_STANDARD = "gnu++20";
				CLANG_ENABLE_MODULES = YES;
				CLANG_ENABLE_OBJC_ARC = YES;
				CLANG_ENABLE_OBJC_WEAK = YES;
				CLANG_WARN_BLOCK_CAPTURE_AUTORELEASING = YES;
				CLANG_WARN_BOOL_CONVERSION = YES;
				CLANG_WARN_COMMA = YES;
				CLANG_WARN_CONSTANT_CONVERSION = YES;
				CLANG_WARN_DEPRECATED_OBJC_IMPLEMENTATIONS = YES;
				CLANG_WARN_DIRECT_OBJC_ISA_USAGE = YES_ERROR;
				CLANG_WARN_DOCUMENTATION_COMMENTS = YES;
				CLANG_WARN_EMPTY_BODY = YES;
				CLANG_WARN_ENUM_CONVERSION = YES;
				CLANG_WARN_INFINITE_RECURSION = YES;
				CLANG_WARN_INT_CONVERSION = YES;
				CLANG_WARN_NON_LITERAL_NULL_CONVERSION = YES;
				CLANG_WARN_OBJC_IMPLICIT_RETAIN_SELF = YES;
				CLANG_WARN_OBJC_LITERAL_CONVERSION = YES;
				CLANG_WARN_OBJC_ROOT_CLASS = YES_ERROR;
				CLANG_WARN_QUOTED_INCLUDE_IN_FRAMEWORK_HEADER = YES;
				CLANG_WARN_RANGE_LOOP_ANALYSIS = YES;
				CLANG_WARN_STRICT_PROTOTYPES = YES;
				CLANG_WARN_SUSPICIOUS_MOVE = YES;
				CLANG_WARN_UNGUARDED_AVAILABILITY = YES_AGGRESSIVE;
				CLANG_WARN_UNREACHABLE_CODE = YES;
				CLANG_WARN__DUPLICATE_METHOD_MATCH = YES;
				COPY_PHASE_STRIP = NO;
				DEBUG_INFORMATION_FORMAT = dwarf;
				ENABLE_STRICT_OBJC_MSGSEND = YES;
				ENABLE_TESTABILITY = YES;
				GCC_C_LANGUAGE_STANDARD = gnu11;
				GCC_DYNAMIC_NO_PIC = NO;
				GCC_NO_COMMON_BLOCKS = YES;
				GCC_OPTIMIZATION_LEVEL = 0;
				GCC_PREPROCESSOR_DEFINITIONS = (
					"DEBUG=1",
					"$(inherited)",
				);
				GCC_WARN_64_TO_32_BIT_CONVERSION = YES;
				GCC_WARN_ABOUT_RETURN_TYPE = YES_ERROR;
				GCC_WARN_UNDECLARED_SELECTOR = YES;
				GCC_WARN_UNINITIALIZED_AUTOS = YES_AGGRESSIVE;
				GCC_WARN_UNUSED_FUNCTION = YES;
				GCC_WARN_UNUSED_VARIABLE = YES;
				IPHONEOS_DEPLOYMENT_TARGET = 16.4;
				MTL_ENABLE_DEBUG_INFO = INCLUDE_SOURCE;
				MTL_FAST_MATH = YES;
				ONLY_ACTIVE_ARCH = YES;
				SDKROOT = iphoneos;
				SWIFT_ACTIVE_COMPILATION_CONDITIONS = DEBUG;
				SWIFT_OPTIMIZATION_LEVEL = "-Onone";
			};
			name = Debug;
		};
		846A678D2A90FBF800438ADF /* Release */ = {
			isa = XCBuildConfiguration;
			buildSettings = {
				ALWAYS_SEARCH_USER_PATHS = NO;
				CLANG_ANALYZER_NONNULL = YES;
				CLANG_ANALYZER_NUMBER_OBJECT_CONVERSION = YES_AGGRESSIVE;
				CLANG_CXX_LANGUAGE_STANDARD = "gnu++20";
				CLANG_ENABLE_MODULES = YES;
				CLANG_ENABLE_OBJC_ARC = YES;
				CLANG_ENABLE_OBJC_WEAK = YES;
				CLANG_WARN_BLOCK_CAPTURE_AUTORELEASING = YES;
				CLANG_WARN_BOOL_CONVERSION = YES;
				CLANG_WARN_COMMA = YES;
				CLANG_WARN_CONSTANT_CONVERSION = YES;
				CLANG_WARN_DEPRECATED_OBJC_IMPLEMENTATIONS = YES;
				CLANG_WARN_DIRECT_OBJC_ISA_USAGE = YES_ERROR;
				CLANG_WARN_DOCUMENTATION_COMMENTS = YES;
				CLANG_WARN_EMPTY_BODY = YES;
				CLANG_WARN_ENUM_CONVERSION = YES;
				CLANG_WARN_INFINITE_RECURSION = YES;
				CLANG_WARN_INT_CONVERSION = YES;
				CLANG_WARN_NON_LITERAL_NULL_CONVERSION = YES;
				CLANG_WARN_OBJC_IMPLICIT_RETAIN_SELF = YES;
				CLANG_WARN_OBJC_LITERAL_CONVERSION = YES;
				CLANG_WARN_OBJC_ROOT_CLASS = YES_ERROR;
				CLANG_WARN_QUOTED_INCLUDE_IN_FRAMEWORK_HEADER = YES;
				CLANG_WARN_RANGE_LOOP_ANALYSIS = YES;
				CLANG_WARN_STRICT_PROTOTYPES = YES;
				CLANG_WARN_SUSPICIOUS_MOVE = YES;
				CLANG_WARN_UNGUARDED_AVAILABILITY = YES_AGGRESSIVE;
				CLANG_WARN_UNREACHABLE_CODE = YES;
				CLANG_WARN__DUPLICATE_METHOD_MATCH = YES;
				COPY_PHASE_STRIP = NO;
				DEBUG_INFORMATION_FORMAT = "dwarf-with-dsym";
				ENABLE_NS_ASSERTIONS = NO;
				ENABLE_STRICT_OBJC_MSGSEND = YES;
				GCC_C_LANGUAGE_STANDARD = gnu11;
				GCC_NO_COMMON_BLOCKS = YES;
				GCC_WARN_64_TO_32_BIT_CONVERSION = YES;
				GCC_WARN_ABOUT_RETURN_TYPE = YES_ERROR;
				GCC_WARN_UNDECLARED_SELECTOR = YES;
				GCC_WARN_UNINITIALIZED_AUTOS = YES_AGGRESSIVE;
				GCC_WARN_UNUSED_FUNCTION = YES;
				GCC_WARN_UNUSED_VARIABLE = YES;
				IPHONEOS_DEPLOYMENT_TARGET = 16.4;
				MTL_ENABLE_DEBUG_INFO = NO;
				MTL_FAST_MATH = YES;
				SDKROOT = iphoneos;
				SWIFT_COMPILATION_MODE = wholemodule;
				SWIFT_OPTIMIZATION_LEVEL = "-O";
				VALIDATE_PRODUCT = YES;
			};
			name = Release;
		};
		846A678F2A90FBF800438ADF /* Debug */ = {
			isa = XCBuildConfiguration;
			buildSettings = {
				ASSETCATALOG_COMPILER_APPICON_NAME = AppIcon;
				ASSETCATALOG_COMPILER_GLOBAL_ACCENT_COLOR_NAME = AccentColor;
				ASSETCATALOG_COMPILER_INCLUDE_ALL_APPICON_ASSETS = NO;
				CODE_SIGN_STYLE = Automatic;
				CURRENT_PROJECT_VERSION = 1;
				DEVELOPMENT_ASSET_PATHS = "\"tic-tac-toe/Preview Content\"";
				DEVELOPMENT_TEAM = 4CY82QY9BX;
				ENABLE_PREVIEWS = YES;
				GENERATE_INFOPLIST_FILE = YES;
				INFOPLIST_KEY_UIApplicationSceneManifest_Generation = YES;
				INFOPLIST_KEY_UIApplicationSupportsIndirectInputEvents = YES;
				INFOPLIST_KEY_UILaunchScreen_Generation = YES;
				INFOPLIST_KEY_UISupportedInterfaceOrientations = UIInterfaceOrientationPortrait;
				INFOPLIST_KEY_UISupportedInterfaceOrientations_iPad = "UIInterfaceOrientationLandscapeLeft UIInterfaceOrientationLandscapeRight UIInterfaceOrientationPortrait UIInterfaceOrientationPortraitUpsideDown";
				LD_RUNPATH_SEARCH_PATHS = (
					"$(inherited)",
					"@executable_path/Frameworks",
				);
				MARKETING_VERSION = 1.0;
				PRODUCT_BUNDLE_IDENTIFIER = "com.irisialyoung.tic-tac-toe";
				PRODUCT_NAME = "$(TARGET_NAME)";
				SUPPORTED_PLATFORMS = "iphoneos iphonesimulator";
				SUPPORTS_MACCATALYST = NO;
				SUPPORTS_MAC_DESIGNED_FOR_IPHONE_IPAD = NO;
				SWIFT_EMIT_LOC_STRINGS = YES;
				SWIFT_VERSION = 5.0;
				TARGETED_DEVICE_FAMILY = "1,2";
			};
			name = Debug;
		};
		846A67902A90FBF800438ADF /* Release */ = {
			isa = XCBuildConfiguration;
			buildSettings = {
				ASSETCATALOG_COMPILER_APPICON_NAME = AppIcon;
				ASSETCATALOG_COMPILER_GLOBAL_ACCENT_COLOR_NAME = AccentColor;
				ASSETCATALOG_COMPILER_INCLUDE_ALL_APPICON_ASSETS = NO;
				CODE_SIGN_STYLE = Automatic;
				CURRENT_PROJECT_VERSION = 1;
				DEVELOPMENT_ASSET_PATHS = "\"tic-tac-toe/Preview Content\"";
				DEVELOPMENT_TEAM = 4CY82QY9BX;
				ENABLE_PREVIEWS = YES;
				GENERATE_INFOPLIST_FILE = YES;
				INFOPLIST_KEY_UIApplicationSceneManifest_Generation = YES;
				INFOPLIST_KEY_UIApplicationSupportsIndirectInputEvents = YES;
				INFOPLIST_KEY_UILaunchScreen_Generation = YES;
				INFOPLIST_KEY_UISupportedInterfaceOrientations = UIInterfaceOrientationPortrait;
				INFOPLIST_KEY_UISupportedInterfaceOrientations_iPad = "UIInterfaceOrientationLandscapeLeft UIInterfaceOrientationLandscapeRight UIInterfaceOrientationPortrait UIInterfaceOrientationPortraitUpsideDown";
				LD_RUNPATH_SEARCH_PATHS = (
					"$(inherited)",
					"@executable_path/Frameworks",
				);
				MARKETING_VERSION = 1.0;
				PRODUCT_BUNDLE_IDENTIFIER = "com.irisialyoung.tic-tac-toe";
				PRODUCT_NAME = "$(TARGET_NAME)";
				SUPPORTED_PLATFORMS = "iphoneos iphonesimulator";
				SUPPORTS_MACCATALYST = NO;
				SUPPORTS_MAC_DESIGNED_FOR_IPHONE_IPAD = NO;
				SWIFT_EMIT_LOC_STRINGS = YES;
				SWIFT_VERSION = 5.0;
				TARGETED_DEVICE_FAMILY = "1,2";
			};
			name = Release;
		};
/* End XCBuildConfiguration section */

/* Begin XCConfigurationList section */
		846A677B2A90FBF700438ADF /* Build configuration list for PBXProject "tic-tac-toe" */ = {
			isa = XCConfigurationList;
			buildConfigurations = (
				846A678C2A90FBF800438ADF /* Debug */,
				846A678D2A90FBF800438ADF /* Release */,
			);
			defaultConfigurationIsVisible = 0;
			defaultConfigurationName = Release;
		};
		846A678E2A90FBF800438ADF /* Build configuration list for PBXNativeTarget "tic-tac-toe" */ = {
			isa = XCConfigurationList;
			buildConfigurations = (
				846A678F2A90FBF800438ADF /* Debug */,
				846A67902A90FBF800438ADF /* Release */,
			);
			defaultConfigurationIsVisible = 0;
			defaultConfigurationName = Release;
		};
/* End XCConfigurationList section */
	};
	rootObject = 846A67782A90FBF700438ADF /* Project object */;
}
